
Microsoft Visual Studio Solution File, Format Version 12.00
# Visual Studio Version 17
VisualStudioVersion = 17.2.32519.379
MinimumVisualStudioVersion = 10.0.40219.1
Project("{FAE04EC0-301F-11D3-BF4B-00C04F79EFBC}") = "CRUDapplication", "CRUDapplication\CRUDapplication.csproj", "{E41228F6-1F58-4A45-8309-7B4489BACFB9}"
EndProject
Global
	GlobalSection(SolutionConfigurationPlatforms) = preSolution
		Debug|Any CPU = Debug|Any CPU
		Release|Any CPU = Release|Any CPU
	EndGlobalSection
	GlobalSection(ProjectConfigurationPlatforms) = postSolution
		{E41228F6-1F58-4A45-8309-7B4489BACFB9}.Debug|Any CPU.ActiveCfg = Debug|Any CPU
		{E41228F6-1F58-4A45-8309-7B4489BACFB9}.Debug|Any CPU.Build.0 = Debug|Any CPU
		{E41228F6-1F58-4A45-8309-7B4489BACFB9}.Release|Any CPU.ActiveCfg = Release|Any CPU
		{E41228F6-1F58-4A45-8309-7B4489BACFB9}.Release|Any CPU.Build.0 = Release|Any CPU
	EndGlobalSection
	GlobalSection(SolutionProperties) = preSolution
		HideSolutionNode = FALSE
	EndGlobalSection
	GlobalSection(ExtensibilityGlobals) = postSolution
		SolutionGuid = {5CC22468-FABD-4FD6-8823-A0C82AF2C6B9}
	EndGlobalSection
EndGlobal
