
Microsoft Visual Studio Solution File, Format Version 12.00
# Visual Studio Version 17
VisualStudioVersion = 17.2.32519.379
MinimumVisualStudioVersion = 10.0.40219.1
Project("{FAE04EC0-301F-11D3-BF4B-00C04F79EFBC}") = "windows form application", "windows form application\windows form application.csproj", "{9EA234FD-8ABD-4B72-86B8-F64A358E9E54}"
EndProject
Global
	GlobalSection(SolutionConfigurationPlatforms) = preSolution
		Debug|Any CPU = Debug|Any CPU
		Release|Any CPU = Release|Any CPU
	EndGlobalSection
	GlobalSection(ProjectConfigurationPlatforms) = postSolution
		{9EA234FD-8ABD-4B72-86B8-F64A358E9E54}.Debug|Any CPU.ActiveCfg = Debug|Any CPU
		{9EA234FD-8ABD-4B72-86B8-F64A358E9E54}.Debug|Any CPU.Build.0 = Debug|Any CPU
		{9EA234FD-8ABD-4B72-86B8-F64A358E9E54}.Release|Any CPU.ActiveCfg = Release|Any CPU
		{9EA234FD-8ABD-4B72-86B8-F64A358E9E54}.Release|Any CPU.Build.0 = Release|Any CPU
	EndGlobalSection
	GlobalSection(SolutionProperties) = preSolution
		HideSolutionNode = FALSE
	EndGlobalSection
	GlobalSection(ExtensibilityGlobals) = postSolution
		SolutionGuid = {0CE31C4C-CEE8-4488-ACF1-A8D68396835F}
	EndGlobalSection
EndGlobal
