
Microsoft Visual Studio Solution File, Format Version 12.00
# Visual Studio Version 17
VisualStudioVersion = 17.2.32519.379
MinimumVisualStudioVersion = 10.0.40219.1
Project("{FAE04EC0-301F-11D3-BF4B-00C04F79EFBC}") = "crud operations", "crud operations\crud operations.csproj", "{74F31DA8-1BE0-4EDB-AEAB-406A7E4E6D4A}"
EndProject
Global
	GlobalSection(SolutionConfigurationPlatforms) = preSolution
		Debug|Any CPU = Debug|Any CPU
		Release|Any CPU = Release|Any CPU
	EndGlobalSection
	GlobalSection(ProjectConfigurationPlatforms) = postSolution
		{74F31DA8-1BE0-4EDB-AEAB-406A7E4E6D4A}.Debug|Any CPU.ActiveCfg = Debug|Any CPU
		{74F31DA8-1BE0-4EDB-AEAB-406A7E4E6D4A}.Debug|Any CPU.Build.0 = Debug|Any CPU
		{74F31DA8-1BE0-4EDB-AEAB-406A7E4E6D4A}.Release|Any CPU.ActiveCfg = Release|Any CPU
		{74F31DA8-1BE0-4EDB-AEAB-406A7E4E6D4A}.Release|Any CPU.Build.0 = Release|Any CPU
	EndGlobalSection
	GlobalSection(SolutionProperties) = preSolution
		HideSolutionNode = FALSE
	EndGlobalSection
	GlobalSection(ExtensibilityGlobals) = postSolution
		SolutionGuid = {8CCDC43A-4CA7-4396-AC00-9B5094F6EDE1}
	EndGlobalSection
EndGlobal
