
Microsoft Visual Studio Solution File, Format Version 12.00
# Visual Studio Version 17
VisualStudioVersion = 17.2.32519.379
MinimumVisualStudioVersion = 10.0.40219.1
Project("{FAE04EC0-301F-11D3-BF4B-00C04F79EFBC}") = "DBfirst", "DBfirst\DBfirst.csproj", "{36C4841D-187A-4A9F-94AF-AD1FE1BAE2D7}"
EndProject
Global
	GlobalSection(SolutionConfigurationPlatforms) = preSolution
		Debug|Any CPU = Debug|Any CPU
		Release|Any CPU = Release|Any CPU
	EndGlobalSection
	GlobalSection(ProjectConfigurationPlatforms) = postSolution
		{36C4841D-187A-4A9F-94AF-AD1FE1BAE2D7}.Debug|Any CPU.ActiveCfg = Debug|Any CPU
		{36C4841D-187A-4A9F-94AF-AD1FE1BAE2D7}.Debug|Any CPU.Build.0 = Debug|Any CPU
		{36C4841D-187A-4A9F-94AF-AD1FE1BAE2D7}.Release|Any CPU.ActiveCfg = Release|Any CPU
		{36C4841D-187A-4A9F-94AF-AD1FE1BAE2D7}.Release|Any CPU.Build.0 = Release|Any CPU
	EndGlobalSection
	GlobalSection(SolutionProperties) = preSolution
		HideSolutionNode = FALSE
	EndGlobalSection
	GlobalSection(ExtensibilityGlobals) = postSolution
		SolutionGuid = {B9160881-4704-47DA-9BCE-7610151AF887}
	EndGlobalSection
EndGlobal
